// !$*UTF8*$!
{
	archiveVersion = 1;
	classes = {
	};
	objectVersion = 50;
	objects = {

/* Begin PBXBuildFile section */
		33F3BEEB277E8A1800F4A8CF /* AppDelegate.swift in Sources */ = {isa = PBXBuildFile; fileRef = 33F3BEEA277E8A1800F4A8CF /* AppDelegate.swift */; };
		33F3BEED277E8A1800F4A8CF /* SceneDelegate.swift in Sources */ = {isa = PBXBuildFile; fileRef = 33F3BEEC277E8A1800F4A8CF /* SceneDelegate.swift */; };
		33F3BEEF277E8A1800F4A8CF /* ViewController.swift in Sources */ = {isa = PBXBuildFile; fileRef = 33F3BEEE277E8A1800F4A8CF /* ViewController.swift */; };
		33F3BEF2277E8A1800F4A8CF /* Main.storyboard in Resources */ = {isa = PBXBuildFile; fileRef = 33F3BEF0277E8A1800F4A8CF /* Main.storyboard */; };
		33F3BEF4277E8A1A00F4A8CF /* Assets.xcassets in Resources */ = {isa = PBXBuildFile; fileRef = 33F3BEF3277E8A1A00F4A8CF /* Assets.xcassets */; };
		33F3BEF7277E8A1A00F4A8CF /* LaunchScreen.storyboard in Resources */ = {isa = PBXBuildFile; fileRef = 33F3BEF5277E8A1A00F4A8CF /* LaunchScreen.storyboard */; };
		33F3BEFF277E98A300F4A8CF /* Question.swift in Sources */ = {isa = PBXBuildFile; fileRef = 33F3BEFE277E98A300F4A8CF /* Question.swift */; };
		33F3BF04277EA07F00F4A8CF /* QuizBrain.swift in Sources */ = {isa = PBXBuildFile; fileRef = 33F3BF03277EA07F00F4A8CF /* QuizBrain.swift */; };
/* End PBXBuildFile section */

/* Begin PBXFileReference section */
		33F3BEE7277E8A1800F4A8CF /* QuizzlerApp.app */ = {isa = PBXFileReference; explicitFileType = wrapper.application; includeInIndex = 0; path = QuizzlerApp.app; sourceTree = BUILT_PRODUCTS_DIR; };
		33F3BEEA277E8A1800F4A8CF /* AppDelegate.swift */ = {isa = PBXFileReference; lastKnownFileType = sourcecode.swift; path = AppDelegate.swift; sourceTree = "<group>"; };
		33F3BEEC277E8A1800F4A8CF /* SceneDelegate.swift */ = {isa = PBXFileReference; lastKnownFileType = sourcecode.swift; path = SceneDelegate.swift; sourceTree = "<group>"; };
		33F3BEEE277E8A1800F4A8CF /* ViewController.swift */ = {isa = PBXFileReference; lastKnownFileType = sourcecode.swift; path = ViewController.swift; sourceTree = "<group>"; };
		33F3BEF1277E8A1800F4A8CF /* Base */ = {isa = PBXFileReference; lastKnownFileType = file.storyboard; name = Base; path = Base.lproj/Main.storyboard; sourceTree = "<group>"; };
		33F3BEF3277E8A1A00F4A8CF /* Assets.xcassets */ = {isa = PBXFileReference; lastKnownFileType = folder.assetcatalog; path = Assets.xcassets; sourceTree = "<group>"; };
		33F3BEF6277E8A1A00F4A8CF /* Base */ = {isa = PBXFileReference; lastKnownFileType = file.storyboard; name = Base; path = Base.lproj/LaunchScreen.storyboard; sourceTree = "<group>"; };
		33F3BEF8277E8A1A00F4A8CF /* Info.plist */ = {isa = PBXFileReference; lastKnownFileType = text.plist.xml; path = Info.plist; sourceTree = "<group>"; };
		33F3BEFE277E98A300F4A8CF /* Question.swift */ = {isa = PBXFileReference; lastKnownFileType = sourcecode.swift; path = Question.swift; sourceTree = "<group>"; };
		33F3BF03277EA07F00F4A8CF /* QuizBrain.swift */ = {isa = PBXFileReference; lastKnownFileType = sourcecode.swift; path = QuizBrain.swift; sourceTree = "<group>"; };
/* End PBXFileReference section */

/* Begin PBXFrameworksBuildPhase section */
		33F3BEE4277E8A1800F4A8CF /* Frameworks */ = {
			isa = PBXFrameworksBuildPhase;
			buildActionMask = 2147483647;
			files = (
			);
			runOnlyForDeploymentPostprocessing = 0;
		};
/* End PBXFrameworksBuildPhase section */

/* Begin PBXGroup section */
		33F3BEDE277E8A1800F4A8CF = {
			isa = PBXGroup;
			children = (
				33F3BEE9277E8A1800F4A8CF /* QuizzlerApp */,
				33F3BEE8277E8A1800F4A8CF /* Products */,
			);
			sourceTree = "<group>";
		};
		33F3BEE8277E8A1800F4A8CF /* Products */ = {
			isa = PBXGroup;
			children = (
				33F3BEE7277E8A1800F4A8CF /* QuizzlerApp.app */,
			);
			name = Products;
			sourceTree = "<group>";
		};
		33F3BEE9277E8A1800F4A8CF /* QuizzlerApp */ = {
			isa = PBXGroup;
			children = (
				33F3BF02277EA05800F4A8CF /* Model */,
				33F3BF01277EA05100F4A8CF /* Views */,
				33F3BF00277EA04600F4A8CF /* Controllers */,
				33F3BEEA277E8A1800F4A8CF /* AppDelegate.swift */,
				33F3BEEC277E8A1800F4A8CF /* SceneDelegate.swift */,
				33F3BEF3277E8A1A00F4A8CF /* Assets.xcassets */,
				33F3BEF5277E8A1A00F4A8CF /* LaunchScreen.storyboard */,
				33F3BEF8277E8A1A00F4A8CF /* Info.plist */,
			);
			path = QuizzlerApp;
			sourceTree = "<group>";
		};
		33F3BF00277EA04600F4A8CF /* Controllers */ = {
			isa = PBXGroup;
			children = (
				33F3BEEE277E8A1800F4A8CF /* ViewController.swift */,
			);
			path = Controllers;
			sourceTree = "<group>";
		};
		33F3BF01277EA05100F4A8CF /* Views */ = {
			isa = PBXGroup;
			children = (
				33F3BEF0277E8A1800F4A8CF /* Main.storyboard */,
			);
			path = Views;
			sourceTree = "<group>";
		};
		33F3BF02277EA05800F4A8CF /* Model */ = {
			isa = PBXGroup;
			children = (
				33F3BEFE277E98A300F4A8CF /* Question.swift */,
				33F3BF03277EA07F00F4A8CF /* QuizBrain.swift */,
			);
			path = Model;
			sourceTree = "<group>";
		};
/* End PBXGroup section */

/* Begin PBXNativeTarget section */
		33F3BEE6277E8A1800F4A8CF /* QuizzlerApp */ = {
			isa = PBXNativeTarget;
			buildConfigurationList = 33F3BEFB277E8A1A00F4A8CF /* Build configuration list for PBXNativeTarget "QuizzlerApp" */;
			buildPhases = (
				33F3BEE3277E8A1800F4A8CF /* Sources */,
				33F3BEE4277E8A1800F4A8CF /* Frameworks */,
				33F3BEE5277E8A1800F4A8CF /* Resources */,
			);
			buildRules = (
			);
			dependencies = (
			);
			name = QuizzlerApp;
			productName = QuizzlerApp;
			productReference = 33F3BEE7277E8A1800F4A8CF /* QuizzlerApp.app */;
			productType = "com.apple.product-type.application";
		};
/* End PBXNativeTarget section */

/* Begin PBXProject section */
		33F3BEDF277E8A1800F4A8CF /* Project object */ = {
			isa = PBXProject;
			attributes = {
				LastSwiftUpdateCheck = 1250;
				LastUpgradeCheck = 1250;
				TargetAttributes = {
					33F3BEE6277E8A1800F4A8CF = {
						CreatedOnToolsVersion = 12.5.1;
					};
				};
			};
			buildConfigurationList = 33F3BEE2277E8A1800F4A8CF /* Build configuration list for PBXProject "QuizzlerApp" */;
			compatibilityVersion = "Xcode 9.3";
			developmentRegion = en;
			hasScannedForEncodings = 0;
			knownRegions = (
				en,
				Base,
			);
			mainGroup = 33F3BEDE277E8A1800F4A8CF;
			productRefGroup = 33F3BEE8277E8A1800F4A8CF /* Products */;
			projectDirPath = "";
			projectRoot = "";
			targets = (
				33F3BEE6277E8A1800F4A8CF /* QuizzlerApp */,
			);
		};
/* End PBXProject section */

/* Begin PBXResourcesBuildPhase section */
		33F3BEE5277E8A1800F4A8CF /* Resources */ = {
			isa = PBXResourcesBuildPhase;
			buildActionMask = 2147483647;
			files = (
				33F3BEF7277E8A1A00F4A8CF /* LaunchScreen.storyboard in Resources */,
				33F3BEF4277E8A1A00F4A8CF /* Assets.xcassets in Resources */,
				33F3BEF2277E8A1800F4A8CF /* Main.storyboard in Resources */,
			);
			runOnlyForDeploymentPostprocessing = 0;
		};
/* End PBXResourcesBuildPhase section */

/* Begin PBXSourcesBuildPhase section */
		33F3BEE3277E8A1800F4A8CF /* Sources */ = {
			isa = PBXSourcesBuildPhase;
			buildActionMask = 2147483647;
			files = (
				33F3BF04277EA07F00F4A8CF /* QuizBrain.swift in Sources */,
				33F3BEEF277E8A1800F4A8CF /* ViewController.swift in Sources */,
				33F3BEFF277E98A300F4A8CF /* Question.swift in Sources */,
				33F3BEEB277E8A1800F4A8CF /* AppDelegate.swift in Sources */,
				33F3BEED277E8A1800F4A8CF /* SceneDelegate.swift in Sources */,
			);
			runOnlyForDeploymentPostprocessing = 0;
		};
/* End PBXSourcesBuildPhase section */

/* Begin PBXVariantGroup section */
		33F3BEF0277E8A1800F4A8CF /* Main.storyboard */ = {
			isa = PBXVariantGroup;
			children = (
				33F3BEF1277E8A1800F4A8CF /* Base */,
			);
			name = Main.storyboard;
			sourceTree = "<group>";
		};
		33F3BEF5277E8A1A00F4A8CF /* LaunchScreen.storyboard */ = {
			isa = PBXVariantGroup;
			children = (
				33F3BEF6277E8A1A00F4A8CF /* Base */,
			);
			name = LaunchScreen.storyboard;
			sourceTree = "<group>";
		};
/* End PBXVariantGroup section */

/* Begin XCBuildConfiguration section */
		33F3BEF9277E8A1A00F4A8CF /* Debug */ = {
			isa = XCBuildConfiguration;
			buildSettings = {
				ALWAYS_SEARCH_USER_PATHS = NO;
				CLANG_ANALYZER_NONNULL = YES;
				CLANG_ANALYZER_NUMBER_OBJECT_CONVERSION = YES_AGGRESSIVE;
				CLANG_CXX_LANGUAGE_STANDARD = "gnu++14";
				CLANG_CXX_LIBRARY = "libc++";
				CLANG_ENABLE_MODULES = YES;
				CLANG_ENABLE_OBJC_ARC = YES;
				CLANG_ENABLE_OBJC_WEAK = YES;
				CLANG_WARN_BLOCK_CAPTURE_AUTORELEASING = YES;
				CLANG_WARN_BOOL_CONVERSION = YES;
				CLANG_WARN_COMMA = YES;
				CLANG_WARN_CONSTANT_CONVERSION = YES;
				CLANG_WARN_DEPRECATED_OBJC_IMPLEMENTATIONS = YES;
				CLANG_WARN_DIRECT_OBJC_ISA_USAGE = YES_ERROR;
				CLANG_WARN_DOCUMENTATION_COMMENTS = YES;
				CLANG_WARN_EMPTY_BODY = YES;
				CLANG_WARN_ENUM_CONVERSION = YES;
				CLANG_WARN_INFINITE_RECURSION = YES;
				CLANG_WARN_INT_CONVERSION = YES;
				CLANG_WARN_NON_LITERAL_NULL_CONVERSION = YES;
				CLANG_WARN_OBJC_IMPLICIT_RETAIN_SELF = YES;
				CLANG_WARN_OBJC_LITERAL_CONVERSION = YES;
				CLANG_WARN_OBJC_ROOT_CLASS = YES_ERROR;
				CLANG_WARN_QUOTED_INCLUDE_IN_FRAMEWORK_HEADER = YES;
				CLANG_WARN_RANGE_LOOP_ANALYSIS = YES;
				CLANG_WARN_STRICT_PROTOTYPES = YES;
				CLANG_WARN_SUSPICIOUS_MOVE = YES;
				CLANG_WARN_UNGUARDED_AVAILABILITY = YES_AGGRESSIVE;
				CLANG_WARN_UNREACHABLE_CODE = YES;
				CLANG_WARN__DUPLICATE_METHOD_MATCH = YES;
				COPY_PHASE_STRIP = NO;
				DEBUG_INFORMATION_FORMAT = dwarf;
				ENABLE_STRICT_OBJC_MSGSEND = YES;
				ENABLE_TESTABILITY = YES;
				GCC_C_LANGUAGE_STANDARD = gnu11;
				GCC_DYNAMIC_NO_PIC = NO;
				GCC_NO_COMMON_BLOCKS = YES;
				GCC_OPTIMIZATION_LEVEL = 0;
				GCC_PREPROCESSOR_DEFINITIONS = (
					"DEBUG=1",
					"$(inherited)",
				);
				GCC_WARN_64_TO_32_BIT_CONVERSION = YES;
				GCC_WARN_ABOUT_RETURN_TYPE = YES_ERROR;
				GCC_WARN_UNDECLARED_SELECTOR = YES;
				GCC_WARN_UNINITIALIZED_AUTOS = YES_AGGRESSIVE;
				GCC_WARN_UNUSED_FUNCTION = YES;
				GCC_WARN_UNUSED_VARIABLE = YES;
				IPHONEOS_DEPLOYMENT_TARGET = 14.5;
				MTL_ENABLE_DEBUG_INFO = INCLUDE_SOURCE;
				MTL_FAST_MATH = YES;
				ONLY_ACTIVE_ARCH = YES;
				SDKROOT = iphoneos;
				SWIFT_ACTIVE_COMPILATION_CONDITIONS = DEBUG;
				SWIFT_OPTIMIZATION_LEVEL = "-Onone";
			};
			name = Debug;
		};
		33F3BEFA277E8A1A00F4A8CF /* Release */ = {
			isa = XCBuildConfiguration;
			buildSettings = {
				ALWAYS_SEARCH_USER_PATHS = NO;
				CLANG_ANALYZER_NONNULL = YES;
				CLANG_ANALYZER_NUMBER_OBJECT_CONVERSION = YES_AGGRESSIVE;
				CLANG_CXX_LANGUAGE_STANDARD = "gnu++14";
				CLANG_CXX_LIBRARY = "libc++";
				CLANG_ENABLE_MODULES = YES;
				CLANG_ENABLE_OBJC_ARC = YES;
				CLANG_ENABLE_OBJC_WEAK = YES;
				CLANG_WARN_BLOCK_CAPTURE_AUTORELEASING = YES;
				CLANG_WARN_BOOL_CONVERSION = YES;
				CLANG_WARN_COMMA = YES;
				CLANG_WARN_CONSTANT_CONVERSION = YES;
				CLANG_WARN_DEPRECATED_OBJC_IMPLEMENTATIONS = YES;
				CLANG_WARN_DIRECT_OBJC_ISA_USAGE = YES_ERROR;
				CLANG_WARN_DOCUMENTATION_COMMENTS = YES;
				CLANG_WARN_EMPTY_BODY = YES;
				CLANG_WARN_ENUM_CONVERSION = YES;
				CLANG_WARN_INFINITE_RECURSION = YES;
				CLANG_WARN_INT_CONVERSION = YES;
				CLANG_WARN_NON_LITERAL_NULL_CONVERSION = YES;
				CLANG_WARN_OBJC_IMPLICIT_RETAIN_SELF = YES;
				CLANG_WARN_OBJC_LITERAL_CONVERSION = YES;
				CLANG_WARN_OBJC_ROOT_CLASS = YES_ERROR;
				CLANG_WARN_QUOTED_INCLUDE_IN_FRAMEWORK_HEADER = YES;
				CLANG_WARN_RANGE_LOOP_ANALYSIS = YES;
				CLANG_WARN_STRICT_PROTOTYPES = YES;
				CLANG_WARN_SUSPICIOUS_MOVE = YES;
				CLANG_WARN_UNGUARDED_AVAILABILITY = YES_AGGRESSIVE;
				CLANG_WARN_UNREACHABLE_CODE = YES;
				CLANG_WARN__DUPLICATE_METHOD_MATCH = YES;
				COPY_PHASE_STRIP = NO;
				DEBUG_INFORMATION_FORMAT = "dwarf-with-dsym";
				ENABLE_NS_ASSERTIONS = NO;
				ENABLE_STRICT_OBJC_MSGSEND = YES;
				GCC_C_LANGUAGE_STANDARD = gnu11;
				GCC_NO_COMMON_BLOCKS = YES;
				GCC_WARN_64_TO_32_BIT_CONVERSION = YES;
				GCC_WARN_ABOUT_RETURN_TYPE = YES_ERROR;
				GCC_WARN_UNDECLARED_SELECTOR = YES;
				GCC_WARN_UNINITIALIZED_AUTOS = YES_AGGRESSIVE;
				GCC_WARN_UNUSED_FUNCTION = YES;
				GCC_WARN_UNUSED_VARIABLE = YES;
				IPHONEOS_DEPLOYMENT_TARGET = 14.5;
				MTL_ENABLE_DEBUG_INFO = NO;
				MTL_FAST_MATH = YES;
				SDKROOT = iphoneos;
				SWIFT_COMPILATION_MODE = wholemodule;
				SWIFT_OPTIMIZATION_LEVEL = "-O";
				VALIDATE_PRODUCT = YES;
			};
			name = Release;
		};
		33F3BEFC277E8A1A00F4A8CF /* Debug */ = {
			isa = XCBuildConfiguration;
			buildSettings = {
				ASSETCATALOG_COMPILER_APPICON_NAME = AppIcon;
				ASSETCATALOG_COMPILER_GLOBAL_ACCENT_COLOR_NAME = AccentColor;
				CODE_SIGN_STYLE = Automatic;
				DEVELOPMENT_TEAM = ML5C6ZYMKV;
				INFOPLIST_FILE = QuizzlerApp/Info.plist;
				LD_RUNPATH_SEARCH_PATHS = (
					"$(inherited)",
					"@executable_path/Frameworks",
				);
				PRODUCT_BUNDLE_IDENTIFIER = com.sky.QuizzlerApp;
				PRODUCT_NAME = "$(TARGET_NAME)";
				SWIFT_VERSION = 5.0;
				TARGETED_DEVICE_FAMILY = "1,2";
			};
			name = Debug;
		};
		33F3BEFD277E8A1A00F4A8CF /* Release */ = {
			isa = XCBuildConfiguration;
			buildSettings = {
				ASSETCATALOG_COMPILER_APPICON_NAME = AppIcon;
				ASSETCATALOG_COMPILER_GLOBAL_ACCENT_COLOR_NAME = AccentColor;
				CODE_SIGN_STYLE = Automatic;
				DEVELOPMENT_TEAM = ML5C6ZYMKV;
				INFOPLIST_FILE = QuizzlerApp/Info.plist;
				LD_RUNPATH_SEARCH_PATHS = (
					"$(inherited)",
					"@executable_path/Frameworks",
				);
				PRODUCT_BUNDLE_IDENTIFIER = com.sky.QuizzlerApp;
				PRODUCT_NAME = "$(TARGET_NAME)";
				SWIFT_VERSION = 5.0;
				TARGETED_DEVICE_FAMILY = "1,2";
			};
			name = Release;
		};
/* End XCBuildConfiguration section */

/* Begin XCConfigurationList section */
		33F3BEE2277E8A1800F4A8CF /* Build configuration list for PBXProject "QuizzlerApp" */ = {
			isa = XCConfigurationList;
			buildConfigurations = (
				33F3BEF9277E8A1A00F4A8CF /* Debug */,
				33F3BEFA277E8A1A00F4A8CF /* Release */,
			);
			defaultConfigurationIsVisible = 0;
			defaultConfigurationName = Release;
		};
		33F3BEFB277E8A1A00F4A8CF /* Build configuration list for PBXNativeTarget "QuizzlerApp" */ = {
			isa = XCConfigurationList;
			buildConfigurations = (
				33F3BEFC277E8A1A00F4A8CF /* Debug */,
				33F3BEFD277E8A1A00F4A8CF /* Release */,
			);
			defaultConfigurationIsVisible = 0;
			defaultConfigurationName = Release;
		};
/* End XCConfigurationList section */
	};
	rootObject = 33F3BEDF277E8A1800F4A8CF /* Project object */;
}
